// !$*UTF8*$!
{
	archiveVersion = 1;
	classes = {
	};
	objectVersion = 77;
	objects = {

/* Begin PBXBuildFile section */
		ED529F4D2D49166300D3661C /* FirebaseAuth in Frameworks */ = {isa = PBXBuildFile; productRef = ED529F4C2D49166300D3661C /* FirebaseAuth */; };
		ED529F4F2D49166300D3661C /* FirebaseFirestore in Frameworks */ = {isa = PBXBuildFile; productRef = ED529F4E2D49166300D3661C /* FirebaseFirestore */; };
		ED529F512D49166300D3661C /* FirebaseFirestoreCombine-Community in Frameworks */ = {isa = PBXBuildFile; productRef = ED529F502D49166300D3661C /* FirebaseFirestoreCombine-Community */; };
/* End PBXBuildFile section */

/* Begin PBXContainerItemProxy section */
		ED529F2F2D4913ED00D3661C /* PBXContainerItemProxy */ = {
			isa = PBXContainerItemProxy;
			containerPortal = ED529F162D4913EC00D3661C /* Project object */;
			proxyType = 1;
			remoteGlobalIDString = ED529F1D2D4913EC00D3661C;
			remoteInfo = "Downtime-TodoList";
		};
		ED529F392D4913ED00D3661C /* PBXContainerItemProxy */ = {
			isa = PBXContainerItemProxy;
			containerPortal = ED529F162D4913EC00D3661C /* Project object */;
			proxyType = 1;
			remoteGlobalIDString = ED529F1D2D4913EC00D3661C;
			remoteInfo = "Downtime-TodoList";
		};
/* End PBXContainerItemProxy section */

/* Begin PBXFileReference section */
		ED529F1E2D4913EC00D3661C /* Downtime-TodoList.app */ = {isa = PBXFileReference; explicitFileType = wrapper.application; includeInIndex = 0; path = "Downtime-TodoList.app"; sourceTree = BUILT_PRODUCTS_DIR; };
		ED529F2E2D4913ED00D3661C /* Downtime-TodoListTests.xctest */ = {isa = PBXFileReference; explicitFileType = wrapper.cfbundle; includeInIndex = 0; path = "Downtime-TodoListTests.xctest"; sourceTree = BUILT_PRODUCTS_DIR; };
		ED529F382D4913ED00D3661C /* Downtime-TodoListUITests.xctest */ = {isa = PBXFileReference; explicitFileType = wrapper.cfbundle; includeInIndex = 0; path = "Downtime-TodoListUITests.xctest"; sourceTree = BUILT_PRODUCTS_DIR; };
/* End PBXFileReference section */

/* Begin PBXFileSystemSynchronizedRootGroup section */
		ED529F202D4913EC00D3661C /* Downtime-TodoList */ = {
			isa = PBXFileSystemSynchronizedRootGroup;
			path = "Downtime-TodoList";
			sourceTree = "<group>";
		};
		ED529F312D4913ED00D3661C /* Downtime-TodoListTests */ = {
			isa = PBXFileSystemSynchronizedRootGroup;
			path = "Downtime-TodoListTests";
			sourceTree = "<group>";
		};
		ED529F3B2D4913ED00D3661C /* Downtime-TodoListUITests */ = {
			isa = PBXFileSystemSynchronizedRootGroup;
			path = "Downtime-TodoListUITests";
			sourceTree = "<group>";
		};
/* End PBXFileSystemSynchronizedRootGroup section */

/* Begin PBXFrameworksBuildPhase section */
		ED529F1B2D4913EC00D3661C /* Frameworks */ = {
			isa = PBXFrameworksBuildPhase;
			buildActionMask = 2147483647;
			files = (
				ED529F512D49166300D3661C /* FirebaseFirestoreCombine-Community in Frameworks */,
				ED529F4D2D49166300D3661C /* FirebaseAuth in Frameworks */,
				ED529F4F2D49166300D3661C /* FirebaseFirestore in Frameworks */,
			);
			runOnlyForDeploymentPostprocessing = 0;
		};
		ED529F2B2D4913ED00D3661C /* Frameworks */ = {
			isa = PBXFrameworksBuildPhase;
			buildActionMask = 2147483647;
			files = (
			);
			runOnlyForDeploymentPostprocessing = 0;
		};
		ED529F352D4913ED00D3661C /* Frameworks */ = {
			isa = PBXFrameworksBuildPhase;
			buildActionMask = 2147483647;
			files = (
			);
			runOnlyForDeploymentPostprocessing = 0;
		};
/* End PBXFrameworksBuildPhase section */

/* Begin PBXGroup section */
		ED529F152D4913EC00D3661C = {
			isa = PBXGroup;
			children = (
				ED529F202D4913EC00D3661C /* Downtime-TodoList */,
				ED529F312D4913ED00D3661C /* Downtime-TodoListTests */,
				ED529F3B2D4913ED00D3661C /* Downtime-TodoListUITests */,
				ED529F1F2D4913EC00D3661C /* Products */,
			);
			sourceTree = "<group>";
		};
		ED529F1F2D4913EC00D3661C /* Products */ = {
			isa = PBXGroup;
			children = (
				ED529F1E2D4913EC00D3661C /* Downtime-TodoList.app */,
				ED529F2E2D4913ED00D3661C /* Downtime-TodoListTests.xctest */,
				ED529F382D4913ED00D3661C /* Downtime-TodoListUITests.xctest */,
			);
			name = Products;
			sourceTree = "<group>";
		};
/* End PBXGroup section */

/* Begin PBXNativeTarget section */
		ED529F1D2D4913EC00D3661C /* Downtime-TodoList */ = {
			isa = PBXNativeTarget;
			buildConfigurationList = ED529F422D4913ED00D3661C /* Build configuration list for PBXNativeTarget "Downtime-TodoList" */;
			buildPhases = (
				ED529F1A2D4913EC00D3661C /* Sources */,
				ED529F1B2D4913EC00D3661C /* Frameworks */,
				ED529F1C2D4913EC00D3661C /* Resources */,
			);
			buildRules = (
			);
			dependencies = (
			);
			fileSystemSynchronizedGroups = (
				ED529F202D4913EC00D3661C /* Downtime-TodoList */,
			);
			name = "Downtime-TodoList";
			packageProductDependencies = (
				ED529F4C2D49166300D3661C /* FirebaseAuth */,
				ED529F4E2D49166300D3661C /* FirebaseFirestore */,
				ED529F502D49166300D3661C /* FirebaseFirestoreCombine-Community */,
			);
			productName = "Downtime-TodoList";
			productReference = ED529F1E2D4913EC00D3661C /* Downtime-TodoList.app */;
			productType = "com.apple.product-type.application";
		};
		ED529F2D2D4913ED00D3661C /* Downtime-TodoListTests */ = {
			isa = PBXNativeTarget;
			buildConfigurationList = ED529F452D4913ED00D3661C /* Build configuration list for PBXNativeTarget "Downtime-TodoListTests" */;
			buildPhases = (
				ED529F2A2D4913ED00D3661C /* Sources */,
				ED529F2B2D4913ED00D3661C /* Frameworks */,
				ED529F2C2D4913ED00D3661C /* Resources */,
			);
			buildRules = (
			);
			dependencies = (
				ED529F302D4913ED00D3661C /* PBXTargetDependency */,
			);
			fileSystemSynchronizedGroups = (
				ED529F312D4913ED00D3661C /* Downtime-TodoListTests */,
			);
			name = "Downtime-TodoListTests";
			packageProductDependencies = (
			);
			productName = "Downtime-TodoListTests";
			productReference = ED529F2E2D4913ED00D3661C /* Downtime-TodoListTests.xctest */;
			productType = "com.apple.product-type.bundle.unit-test";
		};
		ED529F372D4913ED00D3661C /* Downtime-TodoListUITests */ = {
			isa = PBXNativeTarget;
			buildConfigurationList = ED529F482D4913ED00D3661C /* Build configuration list for PBXNativeTarget "Downtime-TodoListUITests" */;
			buildPhases = (
				ED529F342D4913ED00D3661C /* Sources */,
				ED529F352D4913ED00D3661C /* Frameworks */,
				ED529F362D4913ED00D3661C /* Resources */,
			);
			buildRules = (
			);
			dependencies = (
				ED529F3A2D4913ED00D3661C /* PBXTargetDependency */,
			);
			fileSystemSynchronizedGroups = (
				ED529F3B2D4913ED00D3661C /* Downtime-TodoListUITests */,
			);
			name = "Downtime-TodoListUITests";
			packageProductDependencies = (
			);
			productName = "Downtime-TodoListUITests";
			productReference = ED529F382D4913ED00D3661C /* Downtime-TodoListUITests.xctest */;
			productType = "com.apple.product-type.bundle.ui-testing";
		};
/* End PBXNativeTarget section */

/* Begin PBXProject section */
		ED529F162D4913EC00D3661C /* Project object */ = {
			isa = PBXProject;
			attributes = {
				BuildIndependentTargetsInParallel = 1;
				LastSwiftUpdateCheck = 1620;
				LastUpgradeCheck = 1620;
				TargetAttributes = {
					ED529F1D2D4913EC00D3661C = {
						CreatedOnToolsVersion = 16.2;
					};
					ED529F2D2D4913ED00D3661C = {
						CreatedOnToolsVersion = 16.2;
						TestTargetID = ED529F1D2D4913EC00D3661C;
					};
					ED529F372D4913ED00D3661C = {
						CreatedOnToolsVersion = 16.2;
						TestTargetID = ED529F1D2D4913EC00D3661C;
					};
				};
			};
			buildConfigurationList = ED529F192D4913EC00D3661C /* Build configuration list for PBXProject "Downtime-TodoList" */;
			developmentRegion = en;
			hasScannedForEncodings = 0;
			knownRegions = (
				en,
				Base,
			);
			mainGroup = ED529F152D4913EC00D3661C;
			minimizedProjectReferenceProxies = 1;
			packageReferences = (
				ED529F4B2D4915E300D3661C /* XCRemoteSwiftPackageReference "firebase-ios-sdk" */,
			);
			preferredProjectObjectVersion = 77;
			productRefGroup = ED529F1F2D4913EC00D3661C /* Products */;
			projectDirPath = "";
			projectRoot = "";
			targets = (
				ED529F1D2D4913EC00D3661C /* Downtime-TodoList */,
				ED529F2D2D4913ED00D3661C /* Downtime-TodoListTests */,
				ED529F372D4913ED00D3661C /* Downtime-TodoListUITests */,
			);
		};
/* End PBXProject section */

/* Begin PBXResourcesBuildPhase section */
		ED529F1C2D4913EC00D3661C /* Resources */ = {
			isa = PBXResourcesBuildPhase;
			buildActionMask = 2147483647;
			files = (
			);
			runOnlyForDeploymentPostprocessing = 0;
		};
		ED529F2C2D4913ED00D3661C /* Resources */ = {
			isa = PBXResourcesBuildPhase;
			buildActionMask = 2147483647;
			files = (
			);
			runOnlyForDeploymentPostprocessing = 0;
		};
		ED529F362D4913ED00D3661C /* Resources */ = {
			isa = PBXResourcesBuildPhase;
			buildActionMask = 2147483647;
			files = (
			);
			runOnlyForDeploymentPostprocessing = 0;
		};
/* End PBXResourcesBuildPhase section */

/* Begin PBXSourcesBuildPhase section */
		ED529F1A2D4913EC00D3661C /* Sources */ = {
			isa = PBXSourcesBuildPhase;
			buildActionMask = 2147483647;
			files = (
			);
			runOnlyForDeploymentPostprocessing = 0;
		};
		ED529F2A2D4913ED00D3661C /* Sources */ = {
			isa = PBXSourcesBuildPhase;
			buildActionMask = 2147483647;
			files = (
			);
			runOnlyForDeploymentPostprocessing = 0;
		};
		ED529F342D4913ED00D3661C /* Sources */ = {
			isa = PBXSourcesBuildPhase;
			buildActionMask = 2147483647;
			files = (
			);
			runOnlyForDeploymentPostprocessing = 0;
		};
/* End PBXSourcesBuildPhase section */

/* Begin PBXTargetDependency section */
		ED529F302D4913ED00D3661C /* PBXTargetDependency */ = {
			isa = PBXTargetDependency;
			target = ED529F1D2D4913EC00D3661C /* Downtime-TodoList */;
			targetProxy = ED529F2F2D4913ED00D3661C /* PBXContainerItemProxy */;
		};
		ED529F3A2D4913ED00D3661C /* PBXTargetDependency */ = {
			isa = PBXTargetDependency;
			target = ED529F1D2D4913EC00D3661C /* Downtime-TodoList */;
			targetProxy = ED529F392D4913ED00D3661C /* PBXContainerItemProxy */;
		};
/* End PBXTargetDependency section */

/* Begin XCBuildConfiguration section */
		ED529F402D4913ED00D3661C /* Debug */ = {
			isa = XCBuildConfiguration;
			buildSettings = {
				ALWAYS_SEARCH_USER_PATHS = NO;
				ASSETCATALOG_COMPILER_GENERATE_SWIFT_ASSET_SYMBOL_EXTENSIONS = YES;
				CLANG_ANALYZER_NONNULL = YES;
				CLANG_ANALYZER_NUMBER_OBJECT_CONVERSION = YES_AGGRESSIVE;
				CLANG_CXX_LANGUAGE_STANDARD = "gnu++20";
				CLANG_ENABLE_MODULES = YES;
				CLANG_ENABLE_OBJC_ARC = YES;
				CLANG_ENABLE_OBJC_WEAK = YES;
				CLANG_WARN_BLOCK_CAPTURE_AUTORELEASING = YES;
				CLANG_WARN_BOOL_CONVERSION = YES;
				CLANG_WARN_COMMA = YES;
				CLANG_WARN_CONSTANT_CONVERSION = YES;
				CLANG_WARN_DEPRECATED_OBJC_IMPLEMENTATIONS = YES;
				CLANG_WARN_DIRECT_OBJC_ISA_USAGE = YES_ERROR;
				CLANG_WARN_DOCUMENTATION_COMMENTS = YES;
				CLANG_WARN_EMPTY_BODY = YES;
				CLANG_WARN_ENUM_CONVERSION = YES;
				CLANG_WARN_INFINITE_RECURSION = YES;
				CLANG_WARN_INT_CONVERSION = YES;
				CLANG_WARN_NON_LITERAL_NULL_CONVERSION = YES;
				CLANG_WARN_OBJC_IMPLICIT_RETAIN_SELF = YES;
				CLANG_WARN_OBJC_LITERAL_CONVERSION = YES;
				CLANG_WARN_OBJC_ROOT_CLASS = YES_ERROR;
				CLANG_WARN_QUOTED_INCLUDE_IN_FRAMEWORK_HEADER = YES;
				CLANG_WARN_RANGE_LOOP_ANALYSIS = YES;
				CLANG_WARN_STRICT_PROTOTYPES = YES;
				CLANG_WARN_SUSPICIOUS_MOVE = YES;
				CLANG_WARN_UNGUARDED_AVAILABILITY = YES_AGGRESSIVE;
				CLANG_WARN_UNREACHABLE_CODE = YES;
				CLANG_WARN__DUPLICATE_METHOD_MATCH = YES;
				COPY_PHASE_STRIP = NO;
				DEBUG_INFORMATION_FORMAT = dwarf;
				ENABLE_STRICT_OBJC_MSGSEND = YES;
				ENABLE_TESTABILITY = YES;
				ENABLE_USER_SCRIPT_SANDBOXING = YES;
				GCC_C_LANGUAGE_STANDARD = gnu17;
				GCC_DYNAMIC_NO_PIC = NO;
				GCC_NO_COMMON_BLOCKS = YES;
				GCC_OPTIMIZATION_LEVEL = 0;
				GCC_PREPROCESSOR_DEFINITIONS = (
					"DEBUG=1",
					"$(inherited)",
				);
				GCC_WARN_64_TO_32_BIT_CONVERSION = YES;
				GCC_WARN_ABOUT_RETURN_TYPE = YES_ERROR;
				GCC_WARN_UNDECLARED_SELECTOR = YES;
				GCC_WARN_UNINITIALIZED_AUTOS = YES_AGGRESSIVE;
				GCC_WARN_UNUSED_FUNCTION = YES;
				GCC_WARN_UNUSED_VARIABLE = YES;
				IPHONEOS_DEPLOYMENT_TARGET = 18.2;
				LOCALIZATION_PREFERS_STRING_CATALOGS = YES;
				MTL_ENABLE_DEBUG_INFO = INCLUDE_SOURCE;
				MTL_FAST_MATH = YES;
				ONLY_ACTIVE_ARCH = YES;
				SDKROOT = iphoneos;
				SWIFT_ACTIVE_COMPILATION_CONDITIONS = "DEBUG $(inherited)";
				SWIFT_OPTIMIZATION_LEVEL = "-Onone";
			};
			name = Debug;
		};
		ED529F412D4913ED00D3661C /* Release */ = {
			isa = XCBuildConfiguration;
			buildSettings = {
				ALWAYS_SEARCH_USER_PATHS = NO;
				ASSETCATALOG_COMPILER_GENERATE_SWIFT_ASSET_SYMBOL_EXTENSIONS = YES;
				CLANG_ANALYZER_NONNULL = YES;
				CLANG_ANALYZER_NUMBER_OBJECT_CONVERSION = YES_AGGRESSIVE;
				CLANG_CXX_LANGUAGE_STANDARD = "gnu++20";
				CLANG_ENABLE_MODULES = YES;
				CLANG_ENABLE_OBJC_ARC = YES;
				CLANG_ENABLE_OBJC_WEAK = YES;
				CLANG_WARN_BLOCK_CAPTURE_AUTORELEASING = YES;
				CLANG_WARN_BOOL_CONVERSION = YES;
				CLANG_WARN_COMMA = YES;
				CLANG_WARN_CONSTANT_CONVERSION = YES;
				CLANG_WARN_DEPRECATED_OBJC_IMPLEMENTATIONS = YES;
				CLANG_WARN_DIRECT_OBJC_ISA_USAGE = YES_ERROR;
				CLANG_WARN_DOCUMENTATION_COMMENTS = YES;
				CLANG_WARN_EMPTY_BODY = YES;
				CLANG_WARN_ENUM_CONVERSION = YES;
				CLANG_WARN_INFINITE_RECURSION = YES;
				CLANG_WARN_INT_CONVERSION = YES;
				CLANG_WARN_NON_LITERAL_NULL_CONVERSION = YES;
				CLANG_WARN_OBJC_IMPLICIT_RETAIN_SELF = YES;
				CLANG_WARN_OBJC_LITERAL_CONVERSION = YES;
				CLANG_WARN_OBJC_ROOT_CLASS = YES_ERROR;
				CLANG_WARN_QUOTED_INCLUDE_IN_FRAMEWORK_HEADER = YES;
				CLANG_WARN_RANGE_LOOP_ANALYSIS = YES;
				CLANG_WARN_STRICT_PROTOTYPES = YES;
				CLANG_WARN_SUSPICIOUS_MOVE = YES;
				CLANG_WARN_UNGUARDED_AVAILABILITY = YES_AGGRESSIVE;
				CLANG_WARN_UNREACHABLE_CODE = YES;
				CLANG_WARN__DUPLICATE_METHOD_MATCH = YES;
				COPY_PHASE_STRIP = NO;
				DEBUG_INFORMATION_FORMAT = "dwarf-with-dsym";
				ENABLE_NS_ASSERTIONS = NO;
				ENABLE_STRICT_OBJC_MSGSEND = YES;
				ENABLE_USER_SCRIPT_SANDBOXING = YES;
				GCC_C_LANGUAGE_STANDARD = gnu17;
				GCC_NO_COMMON_BLOCKS = YES;
				GCC_WARN_64_TO_32_BIT_CONVERSION = YES;
				GCC_WARN_ABOUT_RETURN_TYPE = YES_ERROR;
				GCC_WARN_UNDECLARED_SELECTOR = YES;
				GCC_WARN_UNINITIALIZED_AUTOS = YES_AGGRESSIVE;
				GCC_WARN_UNUSED_FUNCTION = YES;
				GCC_WARN_UNUSED_VARIABLE = YES;
				IPHONEOS_DEPLOYMENT_TARGET = 18.2;
				LOCALIZATION_PREFERS_STRING_CATALOGS = YES;
				MTL_ENABLE_DEBUG_INFO = NO;
				MTL_FAST_MATH = YES;
				SDKROOT = iphoneos;
				SWIFT_COMPILATION_MODE = wholemodule;
				VALIDATE_PRODUCT = YES;
			};
			name = Release;
		};
		ED529F432D4913ED00D3661C /* Debug */ = {
			isa = XCBuildConfiguration;
			buildSettings = {
				ASSETCATALOG_COMPILER_APPICON_NAME = AppIcon;
				ASSETCATALOG_COMPILER_GLOBAL_ACCENT_COLOR_NAME = AccentColor;
				CODE_SIGN_STYLE = Automatic;
				CURRENT_PROJECT_VERSION = 1;
				DEVELOPMENT_ASSET_PATHS = "\"Downtime-TodoList/Preview Content\"";
				DEVELOPMENT_TEAM = 8KS89M4CWF;
				ENABLE_PREVIEWS = YES;
				GENERATE_INFOPLIST_FILE = YES;
				INFOPLIST_KEY_UIApplicationSceneManifest_Generation = YES;
				INFOPLIST_KEY_UIApplicationSupportsIndirectInputEvents = YES;
				INFOPLIST_KEY_UILaunchScreen_Generation = YES;
				INFOPLIST_KEY_UISupportedInterfaceOrientations = UIInterfaceOrientationPortrait;
				INFOPLIST_KEY_UISupportedInterfaceOrientations_iPad = "UIInterfaceOrientationPortrait UIInterfaceOrientationPortraitUpsideDown";
				LD_RUNPATH_SEARCH_PATHS = (
					"$(inherited)",
					"@executable_path/Frameworks",
				);
				MARKETING_VERSION = 1.0;
				PRODUCT_BUNDLE_IDENTIFIER = "DownTimeTest.Downtime-TodoList";
				PRODUCT_NAME = "$(TARGET_NAME)";
				SWIFT_EMIT_LOC_STRINGS = YES;
				SWIFT_VERSION = 5.0;
				TARGETED_DEVICE_FAMILY = "1,2";
			};
			name = Debug;
		};
		ED529F442D4913ED00D3661C /* Release */ = {
			isa = XCBuildConfiguration;
			buildSettings = {
				ASSETCATALOG_COMPILER_APPICON_NAME = AppIcon;
				ASSETCATALOG_COMPILER_GLOBAL_ACCENT_COLOR_NAME = AccentColor;
				CODE_SIGN_STYLE = Automatic;
				CURRENT_PROJECT_VERSION = 1;
				DEVELOPMENT_ASSET_PATHS = "\"Downtime-TodoList/Preview Content\"";
				DEVELOPMENT_TEAM = 8KS89M4CWF;
				ENABLE_PREVIEWS = YES;
				GENERATE_INFOPLIST_FILE = YES;
				INFOPLIST_KEY_UIApplicationSceneManifest_Generation = YES;
				INFOPLIST_KEY_UIApplicationSupportsIndirectInputEvents = YES;
				INFOPLIST_KEY_UILaunchScreen_Generation = YES;
				INFOPLIST_KEY_UISupportedInterfaceOrientations = UIInterfaceOrientationPortrait;
				INFOPLIST_KEY_UISupportedInterfaceOrientations_iPad = "UIInterfaceOrientationPortrait UIInterfaceOrientationPortraitUpsideDown";
				LD_RUNPATH_SEARCH_PATHS = (
					"$(inherited)",
					"@executable_path/Frameworks",
				);
				MARKETING_VERSION = 1.0;
				PRODUCT_BUNDLE_IDENTIFIER = "DownTimeTest.Downtime-TodoList";
				PRODUCT_NAME = "$(TARGET_NAME)";
				SWIFT_EMIT_LOC_STRINGS = YES;
				SWIFT_VERSION = 5.0;
				TARGETED_DEVICE_FAMILY = "1,2";
			};
			name = Release;
		};
		ED529F462D4913ED00D3661C /* Debug */ = {
			isa = XCBuildConfiguration;
			buildSettings = {
				BUNDLE_LOADER = "$(TEST_HOST)";
				CODE_SIGN_STYLE = Automatic;
				CURRENT_PROJECT_VERSION = 1;
				DEVELOPMENT_TEAM = 8KS89M4CWF;
				GENERATE_INFOPLIST_FILE = YES;
				IPHONEOS_DEPLOYMENT_TARGET = 18.2;
				MARKETING_VERSION = 1.0;
				PRODUCT_BUNDLE_IDENTIFIER = "DownTimeTest.Downtime-TodoListTests";
				PRODUCT_NAME = "$(TARGET_NAME)";
				SWIFT_EMIT_LOC_STRINGS = NO;
				SWIFT_VERSION = 5.0;
				TARGETED_DEVICE_FAMILY = "1,2";
				TEST_HOST = "$(BUILT_PRODUCTS_DIR)/Downtime-TodoList.app/$(BUNDLE_EXECUTABLE_FOLDER_PATH)/Downtime-TodoList";
			};
			name = Debug;
		};
		ED529F472D4913ED00D3661C /* Release */ = {
			isa = XCBuildConfiguration;
			buildSettings = {
				BUNDLE_LOADER = "$(TEST_HOST)";
				CODE_SIGN_STYLE = Automatic;
				CURRENT_PROJECT_VERSION = 1;
				DEVELOPMENT_TEAM = 8KS89M4CWF;
				GENERATE_INFOPLIST_FILE = YES;
				IPHONEOS_DEPLOYMENT_TARGET = 18.2;
				MARKETING_VERSION = 1.0;
				PRODUCT_BUNDLE_IDENTIFIER = "DownTimeTest.Downtime-TodoListTests";
				PRODUCT_NAME = "$(TARGET_NAME)";
				SWIFT_EMIT_LOC_STRINGS = NO;
				SWIFT_VERSION = 5.0;
				TARGETED_DEVICE_FAMILY = "1,2";
				TEST_HOST = "$(BUILT_PRODUCTS_DIR)/Downtime-TodoList.app/$(BUNDLE_EXECUTABLE_FOLDER_PATH)/Downtime-TodoList";
			};
			name = Release;
		};
		ED529F492D4913ED00D3661C /* Debug */ = {
			isa = XCBuildConfiguration;
			buildSettings = {
				CODE_SIGN_STYLE = Automatic;
				CURRENT_PROJECT_VERSION = 1;
				DEVELOPMENT_TEAM = 8KS89M4CWF;
				GENERATE_INFOPLIST_FILE = YES;
				MARKETING_VERSION = 1.0;
				PRODUCT_BUNDLE_IDENTIFIER = "DownTimeTest.Downtime-TodoListUITests";
				PRODUCT_NAME = "$(TARGET_NAME)";
				SWIFT_EMIT_LOC_STRINGS = NO;
				SWIFT_VERSION = 5.0;
				TARGETED_DEVICE_FAMILY = "1,2";
				TEST_TARGET_NAME = "Downtime-TodoList";
			};
			name = Debug;
		};
		ED529F4A2D4913ED00D3661C /* Release */ = {
			isa = XCBuildConfiguration;
			buildSettings = {
				CODE_SIGN_STYLE = Automatic;
				CURRENT_PROJECT_VERSION = 1;
				DEVELOPMENT_TEAM = 8KS89M4CWF;
				GENERATE_INFOPLIST_FILE = YES;
				MARKETING_VERSION = 1.0;
				PRODUCT_BUNDLE_IDENTIFIER = "DownTimeTest.Downtime-TodoListUITests";
				PRODUCT_NAME = "$(TARGET_NAME)";
				SWIFT_EMIT_LOC_STRINGS = NO;
				SWIFT_VERSION = 5.0;
				TARGETED_DEVICE_FAMILY = "1,2";
				TEST_TARGET_NAME = "Downtime-TodoList";
			};
			name = Release;
		};
/* End XCBuildConfiguration section */

/* Begin XCConfigurationList section */
		ED529F192D4913EC00D3661C /* Build configuration list for PBXProject "Downtime-TodoList" */ = {
			isa = XCConfigurationList;
			buildConfigurations = (
				ED529F402D4913ED00D3661C /* Debug */,
				ED529F412D4913ED00D3661C /* Release */,
			);
			defaultConfigurationIsVisible = 0;
			defaultConfigurationName = Release;
		};
		ED529F422D4913ED00D3661C /* Build configuration list for PBXNativeTarget "Downtime-TodoList" */ = {
			isa = XCConfigurationList;
			buildConfigurations = (
				ED529F432D4913ED00D3661C /* Debug */,
				ED529F442D4913ED00D3661C /* Release */,
			);
			defaultConfigurationIsVisible = 0;
			defaultConfigurationName = Release;
		};
		ED529F452D4913ED00D3661C /* Build configuration list for PBXNativeTarget "Downtime-TodoListTests" */ = {
			isa = XCConfigurationList;
			buildConfigurations = (
				ED529F462D4913ED00D3661C /* Debug */,
				ED529F472D4913ED00D3661C /* Release */,
			);
			defaultConfigurationIsVisible = 0;
			defaultConfigurationName = Release;
		};
		ED529F482D4913ED00D3661C /* Build configuration list for PBXNativeTarget "Downtime-TodoListUITests" */ = {
			isa = XCConfigurationList;
			buildConfigurations = (
				ED529F492D4913ED00D3661C /* Debug */,
				ED529F4A2D4913ED00D3661C /* Release */,
			);
			defaultConfigurationIsVisible = 0;
			defaultConfigurationName = Release;
		};
/* End XCConfigurationList section */

/* Begin XCRemoteSwiftPackageReference section */
		ED529F4B2D4915E300D3661C /* XCRemoteSwiftPackageReference "firebase-ios-sdk" */ = {
			isa = XCRemoteSwiftPackageReference;
			repositoryURL = "https://github.com/firebase/firebase-ios-sdk.git";
			requirement = {
				kind = upToNextMajorVersion;
				minimumVersion = 11.7.0;
			};
		};
/* End XCRemoteSwiftPackageReference section */

/* Begin XCSwiftPackageProductDependency section */
		ED529F4C2D49166300D3661C /* FirebaseAuth */ = {
			isa = XCSwiftPackageProductDependency;
			package = ED529F4B2D4915E300D3661C /* XCRemoteSwiftPackageReference "firebase-ios-sdk" */;
			productName = FirebaseAuth;
		};
		ED529F4E2D49166300D3661C /* FirebaseFirestore */ = {
			isa = XCSwiftPackageProductDependency;
			package = ED529F4B2D4915E300D3661C /* XCRemoteSwiftPackageReference "firebase-ios-sdk" */;
			productName = FirebaseFirestore;
		};
		ED529F502D49166300D3661C /* FirebaseFirestoreCombine-Community */ = {
			isa = XCSwiftPackageProductDependency;
			package = ED529F4B2D4915E300D3661C /* XCRemoteSwiftPackageReference "firebase-ios-sdk" */;
			productName = "FirebaseFirestoreCombine-Community";
		};
/* End XCSwiftPackageProductDependency section */
	};
	rootObject = ED529F162D4913EC00D3661C /* Project object */;
}
